
Microsoft Visual Studio Solution File, Format Version 12.00
# Visual Studio Version 16
VisualStudioVersion = 16.0.31005.135
MinimumVisualStudioVersion = 10.0.40219.1
Project("{FAE04EC0-301F-11D3-BF4B-00C04F79EFBC}") = "BD", "BD\BD.csproj", "{7BE76FF6-BF8D-4D55-B20E-43FA9D1BFB23}"
EndProject
Global
	GlobalSection(SolutionConfigurationPlatforms) = preSolution
		Debug|Any CPU = Debug|Any CPU
		Release|Any CPU = Release|Any CPU
	EndGlobalSection
	GlobalSection(ProjectConfigurationPlatforms) = postSolution
		{7BE76FF6-BF8D-4D55-B20E-43FA9D1BFB23}.Debug|Any CPU.ActiveCfg = Debug|Any CPU
		{7BE76FF6-BF8D-4D55-B20E-43FA9D1BFB23}.Debug|Any CPU.Build.0 = Debug|Any CPU
		{7BE76FF6-BF8D-4D55-B20E-43FA9D1BFB23}.Release|Any CPU.ActiveCfg = Release|Any CPU
		{7BE76FF6-BF8D-4D55-B20E-43FA9D1BFB23}.Release|Any CPU.Build.0 = Release|Any CPU
	EndGlobalSection
	GlobalSection(SolutionProperties) = preSolution
		HideSolutionNode = FALSE
	EndGlobalSection
	GlobalSection(ExtensibilityGlobals) = postSolution
		SolutionGuid = {B5AF8BB0-86AA-4395-8D41-0DB994E9BB97}
	EndGlobalSection
EndGlobal
